Microsoft Visual Studio Solution File, Format Version 11.00
# Visual Studio 2008

Project("{6D0E1070-651E-18AD-9BF8-7BBC31C1981D}") = "SusieEngine", "Assembly-CSharp.csproj", "{A9F9A1F2-1EDF-0E9B-EBAF-FB87818C228D}"
EndProject
Global
	GlobalSection(SolutionConfigurationPlatforms) = preSolution
		Debug|Any CPU = Debug|Any CPU
		Release|Any CPU = Release|Any CPU
	EndGlobalSection
	GlobalSection(ProjectConfigurationPlatforms) = postSolution
		{A9F9A1F2-1EDF-0E9B-EBAF-FB87818C228D}.Debug|Any CPU.ActiveCfg = Debug|Any CPU
		{A9F9A1F2-1EDF-0E9B-EBAF-FB87818C228D}.Debug|Any CPU.Build.0 = Debug|Any CPU
		{A9F9A1F2-1EDF-0E9B-EBAF-FB87818C228D}.Release|Any CPU.ActiveCfg = Release|Any CPU
		{A9F9A1F2-1EDF-0E9B-EBAF-FB87818C228D}.Release|Any CPU.Build.0 = Release|Any CPU
	EndGlobalSection
	GlobalSection(SolutionProperties) = preSolution
		HideSolutionNode = FALSE
	EndGlobalSection
	GlobalSection(MonoDevelopProperties) = preSolution
		StartupItem = Assembly-CSharp.csproj
	EndGlobalSection
EndGlobal
